
Microsoft Visual Studio Solution File, Format Version 12.00
# Visual Studio Version 17
VisualStudioVersion = 17.7.34031.279
MinimumVisualStudioVersion = 10.0.40219.1
Project("{8BC9CEB8-8B4A-11D0-8D11-00A0C91BC942}") = "18.11.24", "18.11.24\18.11.24.vcxproj", "{75FE061C-17EE-4B52-A868-A5C37475A001}"
EndProject
Global
	GlobalSection(SolutionConfigurationPlatforms) = preSolution
		Debug|x64 = Debug|x64
		Debug|x86 = Debug|x86
		Release|x64 = Release|x64
		Release|x86 = Release|x86
	EndGlobalSection
	GlobalSection(ProjectConfigurationPlatforms) = postSolution
		{75FE061C-17EE-4B52-A868-A5C37475A001}.Debug|x64.ActiveCfg = Debug|x64
		{75FE061C-17EE-4B52-A868-A5C37475A001}.Debug|x64.Build.0 = Debug|x64
		{75FE061C-17EE-4B52-A868-A5C37475A001}.Debug|x86.ActiveCfg = Debug|Win32
		{75FE061C-17EE-4B52-A868-A5C37475A001}.Debug|x86.Build.0 = Debug|Win32
		{75FE061C-17EE-4B52-A868-A5C37475A001}.Release|x64.ActiveCfg = Release|x64
		{75FE061C-17EE-4B52-A868-A5C37475A001}.Release|x64.Build.0 = Release|x64
		{75FE061C-17EE-4B52-A868-A5C37475A001}.Release|x86.ActiveCfg = Release|Win32
		{75FE061C-17EE-4B52-A868-A5C37475A001}.Release|x86.Build.0 = Release|Win32
	EndGlobalSection
	GlobalSection(SolutionProperties) = preSolution
		HideSolutionNode = FALSE
	EndGlobalSection
	GlobalSection(ExtensibilityGlobals) = postSolution
		SolutionGuid = {79FCCA23-E9B1-45B2-93EF-F991D349B4D3}
	EndGlobalSection
EndGlobal
